
Microsoft Visual Studio Solution File, Format Version 12.00
# Visual Studio Version 16
VisualStudioVersion = 16.0.29102.190
MinimumVisualStudioVersion = 10.0.40219.1
Project("{9A19103F-16F7-4668-BE54-9A1E7A4F7556}") = "C-Sharp Practice", "C-Sharp Practice\C-Sharp Practice.csproj", "{11B3C848-AA20-483E-9F9D-67C7DAC8CFF7}"
EndProject
Project("{FAE04EC0-301F-11D3-BF4B-00C04F79EFBC}") = "UnitTestProject1", "UnitTestProject1\UnitTestProject1.csproj", "{8EE5E184-4DD1-45DF-A7F5-ED2CF1B0D5D0}"
EndProject
Global
	GlobalSection(SolutionConfigurationPlatforms) = preSolution
		Debug|Any CPU = Debug|Any CPU
		Release|Any CPU = Release|Any CPU
	EndGlobalSection
	GlobalSection(ProjectConfigurationPlatforms) = postSolution
		{11B3C848-AA20-483E-9F9D-67C7DAC8CFF7}.Debug|Any CPU.ActiveCfg = Debug|Any CPU
		{11B3C848-AA20-483E-9F9D-67C7DAC8CFF7}.Debug|Any CPU.Build.0 = Debug|Any CPU
		{11B3C848-AA20-483E-9F9D-67C7DAC8CFF7}.Release|Any CPU.ActiveCfg = Release|Any CPU
		{11B3C848-AA20-483E-9F9D-67C7DAC8CFF7}.Release|Any CPU.Build.0 = Release|Any CPU
		{8EE5E184-4DD1-45DF-A7F5-ED2CF1B0D5D0}.Debug|Any CPU.ActiveCfg = Debug|Any CPU
		{8EE5E184-4DD1-45DF-A7F5-ED2CF1B0D5D0}.Debug|Any CPU.Build.0 = Debug|Any CPU
		{8EE5E184-4DD1-45DF-A7F5-ED2CF1B0D5D0}.Release|Any CPU.ActiveCfg = Release|Any CPU
		{8EE5E184-4DD1-45DF-A7F5-ED2CF1B0D5D0}.Release|Any CPU.Build.0 = Release|Any CPU
	EndGlobalSection
	GlobalSection(SolutionProperties) = preSolution
		HideSolutionNode = FALSE
	EndGlobalSection
	GlobalSection(ExtensibilityGlobals) = postSolution
		SolutionGuid = {F9189D3E-48AA-4F03-8559-B6A7F1AFED5A}
	EndGlobalSection
EndGlobal
